
Microsoft Visual Studio Solution File, Format Version 12.00
# Visual Studio 15
VisualStudioVersion = 15.0.28010.2050
MinimumVisualStudioVersion = 10.0.40219.1
Project("{FAE04EC0-301F-11D3-BF4B-00C04F79EFBC}") = "AMillionLittleThings", "AMillionLittleThings\AMillionLittleThings.csproj", "{65A8E264-F0AA-4EA7-BBBD-94D6647B13ED}"
EndProject
Global
	GlobalSection(SolutionConfigurationPlatforms) = preSolution
		Debug|Any CPU = Debug|Any CPU
		Release|Any CPU = Release|Any CPU
	EndGlobalSection
	GlobalSection(ProjectConfigurationPlatforms) = postSolution
		{65A8E264-F0AA-4EA7-BBBD-94D6647B13ED}.Debug|Any CPU.ActiveCfg = Debug|Any CPU
		{65A8E264-F0AA-4EA7-BBBD-94D6647B13ED}.Debug|Any CPU.Build.0 = Debug|Any CPU
		{65A8E264-F0AA-4EA7-BBBD-94D6647B13ED}.Release|Any CPU.ActiveCfg = Release|Any CPU
		{65A8E264-F0AA-4EA7-BBBD-94D6647B13ED}.Release|Any CPU.Build.0 = Release|Any CPU
	EndGlobalSection
	GlobalSection(SolutionProperties) = preSolution
		HideSolutionNode = FALSE
	EndGlobalSection
	GlobalSection(ExtensibilityGlobals) = postSolution
		SolutionGuid = {45DC816E-E365-402E-B5A2-E30E5D695373}
	EndGlobalSection
EndGlobal
